{
  "name": "shareme_backend",
  "lockfileVersion": 2,
  "requires": true,
  "packages": {
    "": {
      "dependencies": {
        "@sanity/cli": "^2.34.2"
      }
    },
    "node_modules/@sanity/cli": {
      "version": "2.34.2",
      "resolved": "https://registry.npmjs.org/@sanity/cli/-/cli-2.34.2.tgz",
      "integrity": "sha512-Q04eefXAbP4pTzPFuvH7Ab/75QYF/9kQ2mTgJrJFbADY9aJBFLoPzcsGkHfQ41C9n3SjbQq2T2hOH3Z36JkCaw==",
      "bin": {
        "sanity": "bin/sanity"
      },
      "engines": {
        "node": ">=12.0.0"
      }
    }
  },
  "dependencies": {
    "@sanity/cli": {
      "version": "2.34.2",
      "resolved": "https://registry.npmjs.org/@sanity/cli/-/cli-2.34.2.tgz",
      "integrity": "sha512-Q04eefXAbP4pTzPFuvH7Ab/75QYF/9kQ2mTgJrJFbADY9aJBFLoPzcsGkHfQ41C9n3SjbQq2T2hOH3Z36JkCaw=="
    }
  }
}
